
Microsoft Visual Studio Solution File, Format Version 12.00
# Visual Studio Version 17
VisualStudioVersion = 17.8.34322.80
MinimumVisualStudioVersion = 10.0.40219.1
Project("{9A19103F-16F7-4668-BE54-9A1E7A4F7556}") = "EquidCMS", "EquidCMS.csproj", "{2C7F3EBD-CDAE-46E4-BFE4-ABD0EAD029CC}"
EndProject
Global
	GlobalSection(SolutionConfigurationPlatforms) = preSolution
		Debug|Any CPU = Debug|Any CPU
		Release|Any CPU = Release|Any CPU
	EndGlobalSection
	GlobalSection(ProjectConfigurationPlatforms) = postSolution
		{2C7F3EBD-CDAE-46E4-BFE4-ABD0EAD029CC}.Debug|Any CPU.ActiveCfg = Debug|Any CPU
		{2C7F3EBD-CDAE-46E4-BFE4-ABD0EAD029CC}.Debug|Any CPU.Build.0 = Debug|Any CPU
		{2C7F3EBD-CDAE-46E4-BFE4-ABD0EAD029CC}.Release|Any CPU.ActiveCfg = Release|Any CPU
		{2C7F3EBD-CDAE-46E4-BFE4-ABD0EAD029CC}.Release|Any CPU.Build.0 = Release|Any CPU
	EndGlobalSection
	GlobalSection(SolutionProperties) = preSolution
		HideSolutionNode = FALSE
	EndGlobalSection
	GlobalSection(ExtensibilityGlobals) = postSolution
		SolutionGuid = {8C634D33-ABE2-4526-A038-53AA1D88C22B}
	EndGlobalSection
EndGlobal
